{
    "_readme": [
        "This file locks the dependencies of your project to a known state",
        "Read more about it at https://getcomposer.org/doc/01-basic-usage.md#installing-dependencies",
        "This file is @generated automatically"
    ],
    "content-hash": "1df961a1687f88576ce24b309b53dbaa",
    "packages": [
        {
            "name": "cry/cry-cms-db",
            "version": "1.08",
            "source": {
                "type": "git",
                "url": "https://github.com/CryInt/CryCMS-Db.git",
                "reference": "427a684fa0fb5fd0d6734a95492895dddd2befb9"
            },
            "dist": {
                "type": "zip",
                "url": "https://api.github.com/repos/CryInt/CryCMS-Db/zipball/427a684fa0fb5fd0d6734a95492895dddd2befb9",
                "reference": "427a684fa0fb5fd0d6734a95492895dddd2befb9",
                "shasum": ""
            },
            "require": {
                "ext-mbstring": "*",
                "ext-pdo": "*"
            },
            "type": "library",
            "autoload": {
                "psr-4": {
                    "CryCMS\\": "src/"
                }
            },
            "license": [
                "free"
            ],
            "authors": [
                {
                    "name": "Дмитрий Cry",
                    "email": "cry.int@gmail.com"
                }
            ],
            "description": "class for mysql with pdo",
            "support": {
                "source": "https://github.com/CryInt/CryCMS-Db/tree/1.08",
                "issues": "https://github.com/CryInt/CryCMS-Db/issues"
            },
            "time": "2023-05-30T20:32:18+00:00"
        }
    ],
    "packages-dev": [],
    "aliases": [],
    "minimum-stability": "stable",
    "stability-flags": [],
    "prefer-stable": false,
    "prefer-lowest": false,
    "platform": [],
    "platform-dev": [],
    "plugin-api-version": "2.0.0"
}
