{
    "_readme": [
        "This file locks the dependencies of your project to a known state",
        "Read more about it at https://getcomposer.org/doc/01-basic-usage.md#installing-dependencies",
        "This file is @generated automatically"
    ],
    "content-hash": "fb0b7f68f3a5762e936c08ab51f93f7d",
    "packages": [
        {
            "name": "cry/cry-cms-db",
            "version": "1.02",
            "source": {
                "type": "git",
                "url": "https://github.com/CryInt/CryCMS-Db.git",
                "reference": "d7b6cbef4f8fb85f6ff1440610420b5e8fa9acbd"
            },
            "dist": {
                "type": "zip",
                "url": "https://api.github.com/repos/CryInt/CryCMS-Db/zipball/d7b6cbef4f8fb85f6ff1440610420b5e8fa9acbd",
                "reference": "d7b6cbef4f8fb85f6ff1440610420b5e8fa9acbd",
                "shasum": ""
            },
            "require": {
                "ext-mbstring": "*",
                "ext-pdo": "*"
            },
            "type": "library",
            "autoload": {
                "psr-4": {
                    "CryCMS\\": "src/"
                }
            },
            "license": [
                "free"
            ],
            "authors": [
                {
                    "name": "Дмитрий Cry",
                    "email": "cry.int@gmail.com"
                }
            ],
            "description": "class for mysql with pdo",
            "support": {
                "source": "https://github.com/CryInt/CryCMS-Db/tree/1.02",
                "issues": "https://github.com/CryInt/CryCMS-Db/issues"
            },
            "time": "2021-09-28T06:07:30+00:00"
        }
    ],
    "packages-dev": [],
    "aliases": [],
    "minimum-stability": "stable",
    "stability-flags": [],
    "prefer-stable": false,
    "prefer-lowest": false,
    "platform": [],
    "platform-dev": [],
    "plugin-api-version": "2.1.0"
}
